
Microsoft Visual Studio Solution File, Format Version 12.00
# Visual Studio 2013
Project("{FAE04EC0-301F-11D3-BF4B-00C04F79EFBC}") = "UnityVS.Hack Arizona Project.CSharp.Editor", "UnityVS.Hack Arizona Project.CSharp.Editor.csproj", "{CFC56A27-4CDD-E62F-A8CC-FB738F689181}"
EndProject
Project("{FAE04EC0-301F-11D3-BF4B-00C04F79EFBC}") = "UnityVS.Hack Arizona Project.CSharp", "UnityVS.Hack Arizona Project.CSharp.csproj", "{9E51EFE4-548A-0625-D0B7-FAB2A7B1281C}"
EndProject
Project("{FAE04EC0-301F-11D3-BF4B-00C04F79EFBC}") = "UnityVS.Hack Arizona Project.CSharp.Plugins", "UnityVS.Hack Arizona Project.CSharp.Plugins.csproj", "{1F6CB145-3F9F-9032-DC1D-5A708FD4589D}"
EndProject
Global
	GlobalSection(SolutionConfigurationPlatforms) = preSolution
		Debug|Any CPU = Debug|Any CPU
		Release|Any CPU = Release|Any CPU
	EndGlobalSection
	GlobalSection(ProjectConfigurationPlatforms) = postSolution
		{CFC56A27-4CDD-E62F-A8CC-FB738F689181}.Debug|Any CPU.ActiveCfg = Debug|Any CPU
		{CFC56A27-4CDD-E62F-A8CC-FB738F689181}.Debug|Any CPU.Build.0 = Debug|Any CPU
		{CFC56A27-4CDD-E62F-A8CC-FB738F689181}.Release|Any CPU.ActiveCfg = Release|Any CPU
		{CFC56A27-4CDD-E62F-A8CC-FB738F689181}.Release|Any CPU.Build.0 = Release|Any CPU
		{9E51EFE4-548A-0625-D0B7-FAB2A7B1281C}.Debug|Any CPU.ActiveCfg = Debug|Any CPU
		{9E51EFE4-548A-0625-D0B7-FAB2A7B1281C}.Debug|Any CPU.Build.0 = Debug|Any CPU
		{9E51EFE4-548A-0625-D0B7-FAB2A7B1281C}.Release|Any CPU.ActiveCfg = Release|Any CPU
		{9E51EFE4-548A-0625-D0B7-FAB2A7B1281C}.Release|Any CPU.Build.0 = Release|Any CPU
		{1F6CB145-3F9F-9032-DC1D-5A708FD4589D}.Debug|Any CPU.ActiveCfg = Debug|Any CPU
		{1F6CB145-3F9F-9032-DC1D-5A708FD4589D}.Debug|Any CPU.Build.0 = Debug|Any CPU
		{1F6CB145-3F9F-9032-DC1D-5A708FD4589D}.Release|Any CPU.ActiveCfg = Release|Any CPU
		{1F6CB145-3F9F-9032-DC1D-5A708FD4589D}.Release|Any CPU.Build.0 = Release|Any CPU
	EndGlobalSection
	GlobalSection(SolutionProperties) = preSolution
		HideSolutionNode = FALSE
	EndGlobalSection
EndGlobal
